// !$*UTF8*$!
{
	archiveVersion = 1;
	classes = {
	};
	objectVersion = 50;
	objects = {

/* Begin PBXBuildFile section */
		F01136B62531DFFB00875A9E /* AppDelegate.swift in Sources */ = {isa = PBXBuildFile; fileRef = F01136B52531DFFB00875A9E /* AppDelegate.swift */; };
		F01136B82531DFFB00875A9E /* SceneDelegate.swift in Sources */ = {isa = PBXBuildFile; fileRef = F01136B72531DFFB00875A9E /* SceneDelegate.swift */; };
		F01136BA2531DFFB00875A9E /* HomeViewController.swift in Sources */ = {isa = PBXBuildFile; fileRef = F01136B92531DFFB00875A9E /* HomeViewController.swift */; };
		F01136BF2531DFFD00875A9E /* Assets.xcassets in Resources */ = {isa = PBXBuildFile; fileRef = F01136BE2531DFFD00875A9E /* Assets.xcassets */; };
		F01136C22531DFFD00875A9E /* LaunchScreen.storyboard in Resources */ = {isa = PBXBuildFile; fileRef = F01136C02531DFFD00875A9E /* LaunchScreen.storyboard */; };
		F04FB4F8253220C900B961B3 /* HomeViewTest.swift in Sources */ = {isa = PBXBuildFile; fileRef = F04FB4F7253220C900B961B3 /* HomeViewTest.swift */; };
		F04FB4FE2532267300B961B3 /* HomeViewControllerTests.swift in Sources */ = {isa = PBXBuildFile; fileRef = F04FB4FD2532267300B961B3 /* HomeViewControllerTests.swift */; };
		F04FB504253229E000B961B3 /* HomeViewModelDelegate.swift in Sources */ = {isa = PBXBuildFile; fileRef = F04FB503253229E000B961B3 /* HomeViewModelDelegate.swift */; };
		F04FB50F25322A1B00B961B3 /* HomeViewModelProtocol.swift in Sources */ = {isa = PBXBuildFile; fileRef = F04FB50E25322A1B00B961B3 /* HomeViewModelProtocol.swift */; };
		F04FB51425322A4D00B961B3 /* HomeViewModelTests.swift in Sources */ = {isa = PBXBuildFile; fileRef = F04FB51325322A4D00B961B3 /* HomeViewModelTests.swift */; };
		F04FB51B25322DBC00B961B3 /* HomeViewDelegateMock.swift in Sources */ = {isa = PBXBuildFile; fileRef = F04FB51A25322DBC00B961B3 /* HomeViewDelegateMock.swift */; };
		F04FB52125322DD600B961B3 /* HomeViewModelDelegateMock.swift in Sources */ = {isa = PBXBuildFile; fileRef = F04FB52025322DD600B961B3 /* HomeViewModelDelegateMock.swift */; };
		F04FB52625322E0200B961B3 /* TestHelper.swift in Sources */ = {isa = PBXBuildFile; fileRef = F04FB52525322E0200B961B3 /* TestHelper.swift */; };
		F064D2442531E9D6005329EA /* HomeCoordinator.swift in Sources */ = {isa = PBXBuildFile; fileRef = F064D2432531E9D6005329EA /* HomeCoordinator.swift */; };
		F064D24B2531EA01005329EA /* Coordinator.swift in Sources */ = {isa = PBXBuildFile; fileRef = F064D24A2531EA01005329EA /* Coordinator.swift */; };
		F064D2582531EE4F005329EA /* HomeCoordinatorTest.swift in Sources */ = {isa = PBXBuildFile; fileRef = F064D2572531EE4F005329EA /* HomeCoordinatorTest.swift */; };
		F064D2642531F2EA005329EA /* NavigationControllerProtocol.swift in Sources */ = {isa = PBXBuildFile; fileRef = F064D2632531F2EA005329EA /* NavigationControllerProtocol.swift */; };
		F064D2692531F341005329EA /* NavigationControllerSpy.swift in Sources */ = {isa = PBXBuildFile; fileRef = F064D2682531F341005329EA /* NavigationControllerSpy.swift */; };
		F064D2712531F620005329EA /* HomeViewModel.swift in Sources */ = {isa = PBXBuildFile; fileRef = F064D2702531F620005329EA /* HomeViewModel.swift */; };
		F064D27525320E64005329EA /* HomeView.swift in Sources */ = {isa = PBXBuildFile; fileRef = F064D27425320E64005329EA /* HomeView.swift */; };
		F064D27C25320EB0005329EA /* HomeView.xib in Resources */ = {isa = PBXBuildFile; fileRef = F064D27B25320EB0005329EA /* HomeView.xib */; };
		F064D281253212E6005329EA /* UIView+Utils.swift in Sources */ = {isa = PBXBuildFile; fileRef = F064D280253212E6005329EA /* UIView+Utils.swift */; };
		F064D2862532151D005329EA /* HomeViewDelegate.swift in Sources */ = {isa = PBXBuildFile; fileRef = F064D2852532151D005329EA /* HomeViewDelegate.swift */; };
		F064D28C25321716005329EA /* HomeStrings.swift in Sources */ = {isa = PBXBuildFile; fileRef = F064D28B25321716005329EA /* HomeStrings.swift */; };
		F08DE3EC253350B1009A5915 /* ServiceProvider.swift in Sources */ = {isa = PBXBuildFile; fileRef = F08DE3EB253350B1009A5915 /* ServiceProvider.swift */; };
		F08DE3F1253350DB009A5915 /* URLSessionDataTaskProtocol.swift in Sources */ = {isa = PBXBuildFile; fileRef = F08DE3EF253350DB009A5915 /* URLSessionDataTaskProtocol.swift */; };
		F08DE3F2253350DB009A5915 /* URLSessionProtocol.swift in Sources */ = {isa = PBXBuildFile; fileRef = F08DE3F0253350DB009A5915 /* URLSessionProtocol.swift */; };
		F08DE3F625335191009A5915 /* ServiceTargetProtocol.swift in Sources */ = {isa = PBXBuildFile; fileRef = F08DE3F525335191009A5915 /* ServiceTargetProtocol.swift */; };
		F08DE3FC253351BC009A5915 /* HTTPMethod.swift in Sources */ = {isa = PBXBuildFile; fileRef = F08DE3FB253351BC009A5915 /* HTTPMethod.swift */; };
		F08DE400253351D1009A5915 /* NetworkError.swift in Sources */ = {isa = PBXBuildFile; fileRef = F08DE3FF253351D1009A5915 /* NetworkError.swift */; };
		F08DE4082533553D009A5915 /* ServiceProviderTest.swift in Sources */ = {isa = PBXBuildFile; fileRef = F08DE4072533553D009A5915 /* ServiceProviderTest.swift */; };
		F08DE41225335C33009A5915 /* API.swift in Sources */ = {isa = PBXBuildFile; fileRef = F08DE41125335C33009A5915 /* API.swift */; };
		F08DE41B25335CB4009A5915 /* network_invalid_json_data_corrupted.json in Resources */ = {isa = PBXBuildFile; fileRef = F08DE41625335CB4009A5915 /* network_invalid_json_data_corrupted.json */; };
		F08DE41C25335CB4009A5915 /* network_invalid_json_value_not_found.json in Resources */ = {isa = PBXBuildFile; fileRef = F08DE41725335CB4009A5915 /* network_invalid_json_value_not_found.json */; };
		F08DE41D25335CB4009A5915 /* network_valid_json.json in Resources */ = {isa = PBXBuildFile; fileRef = F08DE41825335CB4009A5915 /* network_valid_json.json */; };
		F08DE41E25335CB4009A5915 /* network_invalid_json_key_not_found.json in Resources */ = {isa = PBXBuildFile; fileRef = F08DE41925335CB4009A5915 /* network_invalid_json_key_not_found.json */; };
		F08DE41F25335CB4009A5915 /* network_invalid_json_type_mismatch.json in Resources */ = {isa = PBXBuildFile; fileRef = F08DE41A25335CB4009A5915 /* network_invalid_json_type_mismatch.json */; };
		F08DE42725339A71009A5915 /* network_empty_data_json.json in Resources */ = {isa = PBXBuildFile; fileRef = F08DE42625339A71009A5915 /* network_empty_data_json.json */; };
		F08DE42C25339E70009A5915 /* URLSessionDataTaskMock.swift in Sources */ = {isa = PBXBuildFile; fileRef = F08DE42B25339E70009A5915 /* URLSessionDataTaskMock.swift */; };
		F08DE43225339E8F009A5915 /* URLSessionMock.swift in Sources */ = {isa = PBXBuildFile; fileRef = F08DE43125339E8F009A5915 /* URLSessionMock.swift */; };
		F08DE4362533A54A009A5915 /* APIProtocol.swift in Sources */ = {isa = PBXBuildFile; fileRef = F08DE4352533A54A009A5915 /* APIProtocol.swift */; };
/* End PBXBuildFile section */

/* Begin PBXContainerItemProxy section */
		F01136C92531DFFE00875A9E /* PBXContainerItemProxy */ = {
			isa = PBXContainerItemProxy;
			containerPortal = F01136AA2531DFFB00875A9E /* Project object */;
			proxyType = 1;
			remoteGlobalIDString = F01136B12531DFFB00875A9E;
			remoteInfo = ListPublicGists;
		};
/* End PBXContainerItemProxy section */

/* Begin PBXFileReference section */
		F01136B22531DFFB00875A9E /* ListPublicGists.app */ = {isa = PBXFileReference; explicitFileType = wrapper.application; includeInIndex = 0; path = ListPublicGists.app; sourceTree = BUILT_PRODUCTS_DIR; };
		F01136B52531DFFB00875A9E /* AppDelegate.swift */ = {isa = PBXFileReference; lastKnownFileType = sourcecode.swift; path = AppDelegate.swift; sourceTree = "<group>"; };
		F01136B72531DFFB00875A9E /* SceneDelegate.swift */ = {isa = PBXFileReference; lastKnownFileType = sourcecode.swift; path = SceneDelegate.swift; sourceTree = "<group>"; };
		F01136B92531DFFB00875A9E /* HomeViewController.swift */ = {isa = PBXFileReference; lastKnownFileType = sourcecode.swift; path = HomeViewController.swift; sourceTree = "<group>"; };
		F01136BE2531DFFD00875A9E /* Assets.xcassets */ = {isa = PBXFileReference; lastKnownFileType = folder.assetcatalog; path = Assets.xcassets; sourceTree = "<group>"; };
		F01136C12531DFFD00875A9E /* Base */ = {isa = PBXFileReference; lastKnownFileType = file.storyboard; name = Base; path = Base.lproj/LaunchScreen.storyboard; sourceTree = "<group>"; };
		F01136C32531DFFD00875A9E /* Info.plist */ = {isa = PBXFileReference; lastKnownFileType = text.plist.xml; path = Info.plist; sourceTree = "<group>"; };
		F01136C82531DFFE00875A9E /* ListPublicGistsTests.xctest */ = {isa = PBXFileReference; explicitFileType = wrapper.cfbundle; includeInIndex = 0; path = ListPublicGistsTests.xctest; sourceTree = BUILT_PRODUCTS_DIR; };
		F01136CE2531DFFE00875A9E /* Info.plist */ = {isa = PBXFileReference; lastKnownFileType = text.plist.xml; path = Info.plist; sourceTree = "<group>"; };
		F04FB4F7253220C900B961B3 /* HomeViewTest.swift */ = {isa = PBXFileReference; lastKnownFileType = sourcecode.swift; path = HomeViewTest.swift; sourceTree = "<group>"; };
		F04FB4FD2532267300B961B3 /* HomeViewControllerTests.swift */ = {isa = PBXFileReference; lastKnownFileType = sourcecode.swift; path = HomeViewControllerTests.swift; sourceTree = "<group>"; };
		F04FB503253229E000B961B3 /* HomeViewModelDelegate.swift */ = {isa = PBXFileReference; lastKnownFileType = sourcecode.swift; path = HomeViewModelDelegate.swift; sourceTree = "<group>"; };
		F04FB50E25322A1B00B961B3 /* HomeViewModelProtocol.swift */ = {isa = PBXFileReference; lastKnownFileType = sourcecode.swift; path = HomeViewModelProtocol.swift; sourceTree = "<group>"; };
		F04FB51325322A4D00B961B3 /* HomeViewModelTests.swift */ = {isa = PBXFileReference; lastKnownFileType = sourcecode.swift; path = HomeViewModelTests.swift; sourceTree = "<group>"; };
		F04FB51A25322DBC00B961B3 /* HomeViewDelegateMock.swift */ = {isa = PBXFileReference; lastKnownFileType = sourcecode.swift; path = HomeViewDelegateMock.swift; sourceTree = "<group>"; };
		F04FB52025322DD600B961B3 /* HomeViewModelDelegateMock.swift */ = {isa = PBXFileReference; lastKnownFileType = sourcecode.swift; path = HomeViewModelDelegateMock.swift; sourceTree = "<group>"; };
		F04FB52525322E0200B961B3 /* TestHelper.swift */ = {isa = PBXFileReference; lastKnownFileType = sourcecode.swift; path = TestHelper.swift; sourceTree = "<group>"; };
		F064D2432531E9D6005329EA /* HomeCoordinator.swift */ = {isa = PBXFileReference; lastKnownFileType = sourcecode.swift; path = HomeCoordinator.swift; sourceTree = "<group>"; };
		F064D24A2531EA01005329EA /* Coordinator.swift */ = {isa = PBXFileReference; lastKnownFileType = sourcecode.swift; path = Coordinator.swift; sourceTree = "<group>"; };
		F064D2572531EE4F005329EA /* HomeCoordinatorTest.swift */ = {isa = PBXFileReference; lastKnownFileType = sourcecode.swift; path = HomeCoordinatorTest.swift; sourceTree = "<group>"; };
		F064D2632531F2EA005329EA /* NavigationControllerProtocol.swift */ = {isa = PBXFileReference; lastKnownFileType = sourcecode.swift; path = NavigationControllerProtocol.swift; sourceTree = "<group>"; };
		F064D2682531F341005329EA /* NavigationControllerSpy.swift */ = {isa = PBXFileReference; lastKnownFileType = sourcecode.swift; path = NavigationControllerSpy.swift; sourceTree = "<group>"; };
		F064D2702531F620005329EA /* HomeViewModel.swift */ = {isa = PBXFileReference; lastKnownFileType = sourcecode.swift; path = HomeViewModel.swift; sourceTree = "<group>"; };
		F064D27425320E64005329EA /* HomeView.swift */ = {isa = PBXFileReference; lastKnownFileType = sourcecode.swift; path = HomeView.swift; sourceTree = "<group>"; };
		F064D27B25320EB0005329EA /* HomeView.xib */ = {isa = PBXFileReference; lastKnownFileType = file.xib; path = HomeView.xib; sourceTree = "<group>"; };
		F064D280253212E6005329EA /* UIView+Utils.swift */ = {isa = PBXFileReference; lastKnownFileType = sourcecode.swift; path = "UIView+Utils.swift"; sourceTree = "<group>"; };
		F064D2852532151D005329EA /* HomeViewDelegate.swift */ = {isa = PBXFileReference; lastKnownFileType = sourcecode.swift; path = HomeViewDelegate.swift; sourceTree = "<group>"; };
		F064D28B25321716005329EA /* HomeStrings.swift */ = {isa = PBXFileReference; lastKnownFileType = sourcecode.swift; path = HomeStrings.swift; sourceTree = "<group>"; };
		F08DE3EB253350B1009A5915 /* ServiceProvider.swift */ = {isa = PBXFileReference; lastKnownFileType = sourcecode.swift; path = ServiceProvider.swift; sourceTree = "<group>"; };
		F08DE3EF253350DB009A5915 /* URLSessionDataTaskProtocol.swift */ = {isa = PBXFileReference; fileEncoding = 4; lastKnownFileType = sourcecode.swift; path = URLSessionDataTaskProtocol.swift; sourceTree = "<group>"; };
		F08DE3F0253350DB009A5915 /* URLSessionProtocol.swift */ = {isa = PBXFileReference; fileEncoding = 4; lastKnownFileType = sourcecode.swift; path = URLSessionProtocol.swift; sourceTree = "<group>"; };
		F08DE3F525335191009A5915 /* ServiceTargetProtocol.swift */ = {isa = PBXFileReference; fileEncoding = 4; lastKnownFileType = sourcecode.swift; path = ServiceTargetProtocol.swift; sourceTree = "<group>"; };
		F08DE3FB253351BC009A5915 /* HTTPMethod.swift */ = {isa = PBXFileReference; fileEncoding = 4; lastKnownFileType = sourcecode.swift; path = HTTPMethod.swift; sourceTree = "<group>"; };
		F08DE3FF253351D1009A5915 /* NetworkError.swift */ = {isa = PBXFileReference; fileEncoding = 4; lastKnownFileType = sourcecode.swift; path = NetworkError.swift; sourceTree = "<group>"; };
		F08DE4072533553D009A5915 /* ServiceProviderTest.swift */ = {isa = PBXFileReference; lastKnownFileType = sourcecode.swift; path = ServiceProviderTest.swift; sourceTree = "<group>"; };
		F08DE41125335C33009A5915 /* API.swift */ = {isa = PBXFileReference; fileEncoding = 4; lastKnownFileType = sourcecode.swift; path = API.swift; sourceTree = "<group>"; };
		F08DE41625335CB4009A5915 /* network_invalid_json_data_corrupted.json */ = {isa = PBXFileReference; fileEncoding = 4; lastKnownFileType = text.json; path = network_invalid_json_data_corrupted.json; sourceTree = "<group>"; };
		F08DE41725335CB4009A5915 /* network_invalid_json_value_not_found.json */ = {isa = PBXFileReference; fileEncoding = 4; lastKnownFileType = text.json; path = network_invalid_json_value_not_found.json; sourceTree = "<group>"; };
		F08DE41825335CB4009A5915 /* network_valid_json.json */ = {isa = PBXFileReference; fileEncoding = 4; lastKnownFileType = text.json; path = network_valid_json.json; sourceTree = "<group>"; };
		F08DE41925335CB4009A5915 /* network_invalid_json_key_not_found.json */ = {isa = PBXFileReference; fileEncoding = 4; lastKnownFileType = text.json; path = network_invalid_json_key_not_found.json; sourceTree = "<group>"; };
		F08DE41A25335CB4009A5915 /* network_invalid_json_type_mismatch.json */ = {isa = PBXFileReference; fileEncoding = 4; lastKnownFileType = text.json; path = network_invalid_json_type_mismatch.json; sourceTree = "<group>"; };
		F08DE42625339A71009A5915 /* network_empty_data_json.json */ = {isa = PBXFileReference; lastKnownFileType = text.json; path = network_empty_data_json.json; sourceTree = "<group>"; };
		F08DE42B25339E70009A5915 /* URLSessionDataTaskMock.swift */ = {isa = PBXFileReference; lastKnownFileType = sourcecode.swift; path = URLSessionDataTaskMock.swift; sourceTree = "<group>"; };
		F08DE43125339E8F009A5915 /* URLSessionMock.swift */ = {isa = PBXFileReference; lastKnownFileType = sourcecode.swift; path = URLSessionMock.swift; sourceTree = "<group>"; };
		F08DE4352533A54A009A5915 /* APIProtocol.swift */ = {isa = PBXFileReference; lastKnownFileType = sourcecode.swift; path = APIProtocol.swift; sourceTree = "<group>"; };
/* End PBXFileReference section */

/* Begin PBXFrameworksBuildPhase section */
		F01136AF2531DFFB00875A9E /* Frameworks */ = {
			isa = PBXFrameworksBuildPhase;
			buildActionMask = 2147483647;
			files = (
			);
			runOnlyForDeploymentPostprocessing = 0;
		};
		F01136C52531DFFE00875A9E /* Frameworks */ = {
			isa = PBXFrameworksBuildPhase;
			buildActionMask = 2147483647;
			files = (
			);
			runOnlyForDeploymentPostprocessing = 0;
		};
/* End PBXFrameworksBuildPhase section */

/* Begin PBXGroup section */
		F01136A92531DFFB00875A9E = {
			isa = PBXGroup;
			children = (
				F01136B42531DFFB00875A9E /* ListPublicGists */,
				F01136CB2531DFFE00875A9E /* ListPublicGistsTests */,
				F01136B32531DFFB00875A9E /* Products */,
			);
			sourceTree = "<group>";
		};
		F01136B32531DFFB00875A9E /* Products */ = {
			isa = PBXGroup;
			children = (
				F01136B22531DFFB00875A9E /* ListPublicGists.app */,
				F01136C82531DFFE00875A9E /* ListPublicGistsTests.xctest */,
			);
			name = Products;
			sourceTree = "<group>";
		};
		F01136B42531DFFB00875A9E /* ListPublicGists */ = {
			isa = PBXGroup;
			children = (
				F08DE3EA25334FE8009A5915 /* Network */,
				F01136EC2531E49200875A9E /* Application */,
				F01136EB2531E48000875A9E /* Suport Files */,
				F01136BE2531DFFD00875A9E /* Assets.xcassets */,
			);
			path = ListPublicGists;
			sourceTree = "<group>";
		};
		F01136CB2531DFFE00875A9E /* ListPublicGistsTests */ = {
			isa = PBXGroup;
			children = (
				F08DE40625335528009A5915 /* Network */,
				F064D2552531EA76005329EA /* Application */,
				F064D2672531F321005329EA /* Common */,
				F01136CE2531DFFE00875A9E /* Info.plist */,
			);
			path = ListPublicGistsTests;
			sourceTree = "<group>";
		};
		F01136EB2531E48000875A9E /* Suport Files */ = {
			isa = PBXGroup;
			children = (
				F01136B52531DFFB00875A9E /* AppDelegate.swift */,
				F01136B72531DFFB00875A9E /* SceneDelegate.swift */,
				F01136C02531DFFD00875A9E /* LaunchScreen.storyboard */,
				F01136C32531DFFD00875A9E /* Info.plist */,
			);
			path = "Suport Files";
			sourceTree = "<group>";
		};
		F01136EC2531E49200875A9E /* Application */ = {
			isa = PBXGroup;
			children = (
				F064D27F253212B4005329EA /* Utils */,
				F064D2482531E9EE005329EA /* Protocols */,
				F064D2412531E9A3005329EA /* Home */,
			);
			path = Application;
			sourceTree = "<group>";
		};
		F04FB4F6253220BD00B961B3 /* View */ = {
			isa = PBXGroup;
			children = (
				F04FB4F7253220C900B961B3 /* HomeViewTest.swift */,
			);
			path = View;
			sourceTree = "<group>";
		};
		F04FB501253229B600B961B3 /* ViewModel */ = {
			isa = PBXGroup;
			children = (
				F04FB502253229CA00B961B3 /* Protocols */,
				F064D2702531F620005329EA /* HomeViewModel.swift */,
			);
			path = ViewModel;
			sourceTree = "<group>";
		};
		F04FB502253229CA00B961B3 /* Protocols */ = {
			isa = PBXGroup;
			children = (
				F04FB503253229E000B961B3 /* HomeViewModelDelegate.swift */,
				F04FB50E25322A1B00B961B3 /* HomeViewModelProtocol.swift */,
			);
			path = Protocols;
			sourceTree = "<group>";
		};
		F04FB51225322A4100B961B3 /* ViewModel */ = {
			isa = PBXGroup;
			children = (
				F04FB51325322A4D00B961B3 /* HomeViewModelTests.swift */,
			);
			path = ViewModel;
			sourceTree = "<group>";
		};
		F04FB51925322DAC00B961B3 /* Mocks */ = {
			isa = PBXGroup;
			children = (
				F04FB51A25322DBC00B961B3 /* HomeViewDelegateMock.swift */,
				F04FB52025322DD600B961B3 /* HomeViewModelDelegateMock.swift */,
			);
			path = Mocks;
			sourceTree = "<group>";
		};
		F064D2412531E9A3005329EA /* Home */ = {
			isa = PBXGroup;
			children = (
				F064D28B25321716005329EA /* HomeStrings.swift */,
				F01136B92531DFFB00875A9E /* HomeViewController.swift */,
				F064D2432531E9D6005329EA /* HomeCoordinator.swift */,
				F04FB501253229B600B961B3 /* ViewModel */,
				F064D27825320EA2005329EA /* View */,
			);
			path = Home;
			sourceTree = "<group>";
		};
		F064D2482531E9EE005329EA /* Protocols */ = {
			isa = PBXGroup;
			children = (
				F064D24A2531EA01005329EA /* Coordinator.swift */,
				F064D2632531F2EA005329EA /* NavigationControllerProtocol.swift */,
			);
			path = Protocols;
			sourceTree = "<group>";
		};
		F064D2552531EA76005329EA /* Application */ = {
			isa = PBXGroup;
			children = (
				F064D2562531EA7F005329EA /* Home */,
			);
			path = Application;
			sourceTree = "<group>";
		};
		F064D2562531EA7F005329EA /* Home */ = {
			isa = PBXGroup;
			children = (
				F04FB51925322DAC00B961B3 /* Mocks */,
				F064D2572531EE4F005329EA /* HomeCoordinatorTest.swift */,
				F04FB4FD2532267300B961B3 /* HomeViewControllerTests.swift */,
				F04FB51225322A4100B961B3 /* ViewModel */,
				F04FB4F6253220BD00B961B3 /* View */,
			);
			path = Home;
			sourceTree = "<group>";
		};
		F064D2672531F321005329EA /* Common */ = {
			isa = PBXGroup;
			children = (
				F04FB52525322E0200B961B3 /* TestHelper.swift */,
				F064D2682531F341005329EA /* NavigationControllerSpy.swift */,
			);
			path = Common;
			sourceTree = "<group>";
		};
		F064D27825320EA2005329EA /* View */ = {
			isa = PBXGroup;
			children = (
				F064D2842532150F005329EA /* Protocols */,
				F064D27425320E64005329EA /* HomeView.swift */,
				F064D27B25320EB0005329EA /* HomeView.xib */,
			);
			path = View;
			sourceTree = "<group>";
		};
		F064D27F253212B4005329EA /* Utils */ = {
			isa = PBXGroup;
			children = (
				F064D280253212E6005329EA /* UIView+Utils.swift */,
			);
			path = Utils;
			sourceTree = "<group>";
		};
		F064D2842532150F005329EA /* Protocols */ = {
			isa = PBXGroup;
			children = (
				F064D2852532151D005329EA /* HomeViewDelegate.swift */,
			);
			path = Protocols;
			sourceTree = "<group>";
		};
		F08DE3EA25334FE8009A5915 /* Network */ = {
			isa = PBXGroup;
			children = (
				F08DE3EF253350DB009A5915 /* URLSessionDataTaskProtocol.swift */,
				F08DE3F0253350DB009A5915 /* URLSessionProtocol.swift */,
				F08DE4352533A54A009A5915 /* APIProtocol.swift */,
				F08DE3EB253350B1009A5915 /* ServiceProvider.swift */,
				F08DE3F525335191009A5915 /* ServiceTargetProtocol.swift */,
				F08DE3FB253351BC009A5915 /* HTTPMethod.swift */,
				F08DE3FF253351D1009A5915 /* NetworkError.swift */,
				F08DE41125335C33009A5915 /* API.swift */,
			);
			path = Network;
			sourceTree = "<group>";
		};
		F08DE40625335528009A5915 /* Network */ = {
			isa = PBXGroup;
			children = (
				F08DE42A25339E61009A5915 /* Mocks */,
				F08DE41525335CB4009A5915 /* Stubs */,
				F08DE4072533553D009A5915 /* ServiceProviderTest.swift */,
			);
			path = Network;
			sourceTree = "<group>";
		};
		F08DE41525335CB4009A5915 /* Stubs */ = {
			isa = PBXGroup;
			children = (
				F08DE41625335CB4009A5915 /* network_invalid_json_data_corrupted.json */,
				F08DE41725335CB4009A5915 /* network_invalid_json_value_not_found.json */,
				F08DE41825335CB4009A5915 /* network_valid_json.json */,
				F08DE42625339A71009A5915 /* network_empty_data_json.json */,
				F08DE41925335CB4009A5915 /* network_invalid_json_key_not_found.json */,
				F08DE41A25335CB4009A5915 /* network_invalid_json_type_mismatch.json */,
			);
			path = Stubs;
			sourceTree = "<group>";
		};
		F08DE42A25339E61009A5915 /* Mocks */ = {
			isa = PBXGroup;
			children = (
				F08DE42B25339E70009A5915 /* URLSessionDataTaskMock.swift */,
				F08DE43125339E8F009A5915 /* URLSessionMock.swift */,
			);
			path = Mocks;
			sourceTree = "<group>";
		};
/* End PBXGroup section */

/* Begin PBXNativeTarget section */
		F01136B12531DFFB00875A9E /* ListPublicGists */ = {
			isa = PBXNativeTarget;
			buildConfigurationList = F01136DC2531DFFE00875A9E /* Build configuration list for PBXNativeTarget "ListPublicGists" */;
			buildPhases = (
				F01136AE2531DFFB00875A9E /* Sources */,
				F01136AF2531DFFB00875A9E /* Frameworks */,
				F01136B02531DFFB00875A9E /* Resources */,
			);
			buildRules = (
			);
			dependencies = (
			);
			name = ListPublicGists;
			productName = ListPublicGists;
			productReference = F01136B22531DFFB00875A9E /* ListPublicGists.app */;
			productType = "com.apple.product-type.application";
		};
		F01136C72531DFFE00875A9E /* ListPublicGistsTests */ = {
			isa = PBXNativeTarget;
			buildConfigurationList = F01136DF2531DFFE00875A9E /* Build configuration list for PBXNativeTarget "ListPublicGistsTests" */;
			buildPhases = (
				F01136C42531DFFE00875A9E /* Sources */,
				F01136C52531DFFE00875A9E /* Frameworks */,
				F01136C62531DFFE00875A9E /* Resources */,
			);
			buildRules = (
			);
			dependencies = (
				F01136CA2531DFFE00875A9E /* PBXTargetDependency */,
			);
			name = ListPublicGistsTests;
			productName = ListPublicGistsTests;
			productReference = F01136C82531DFFE00875A9E /* ListPublicGistsTests.xctest */;
			productType = "com.apple.product-type.bundle.unit-test";
		};
/* End PBXNativeTarget section */

/* Begin PBXProject section */
		F01136AA2531DFFB00875A9E /* Project object */ = {
			isa = PBXProject;
			attributes = {
				LastSwiftUpdateCheck = 1200;
				LastUpgradeCheck = 1200;
				TargetAttributes = {
					F01136B12531DFFB00875A9E = {
						CreatedOnToolsVersion = 12.0;
					};
					F01136C72531DFFE00875A9E = {
						CreatedOnToolsVersion = 12.0;
						LastSwiftMigration = 1200;
						TestTargetID = F01136B12531DFFB00875A9E;
					};
				};
			};
			buildConfigurationList = F01136AD2531DFFB00875A9E /* Build configuration list for PBXProject "ListPublicGists" */;
			compatibilityVersion = "Xcode 9.3";
			developmentRegion = en;
			hasScannedForEncodings = 0;
			knownRegions = (
				en,
				Base,
			);
			mainGroup = F01136A92531DFFB00875A9E;
			productRefGroup = F01136B32531DFFB00875A9E /* Products */;
			projectDirPath = "";
			projectRoot = "";
			targets = (
				F01136B12531DFFB00875A9E /* ListPublicGists */,
				F01136C72531DFFE00875A9E /* ListPublicGistsTests */,
			);
		};
/* End PBXProject section */

/* Begin PBXResourcesBuildPhase section */
		F01136B02531DFFB00875A9E /* Resources */ = {
			isa = PBXResourcesBuildPhase;
			buildActionMask = 2147483647;
			files = (
				F01136C22531DFFD00875A9E /* LaunchScreen.storyboard in Resources */,
				F01136BF2531DFFD00875A9E /* Assets.xcassets in Resources */,
				F064D27C25320EB0005329EA /* HomeView.xib in Resources */,
			);
			runOnlyForDeploymentPostprocessing = 0;
		};
		F01136C62531DFFE00875A9E /* Resources */ = {
			isa = PBXResourcesBuildPhase;
			buildActionMask = 2147483647;
			files = (
				F08DE41E25335CB4009A5915 /* network_invalid_json_key_not_found.json in Resources */,
				F08DE41D25335CB4009A5915 /* network_valid_json.json in Resources */,
				F08DE42725339A71009A5915 /* network_empty_data_json.json in Resources */,
				F08DE41C25335CB4009A5915 /* network_invalid_json_value_not_found.json in Resources */,
				F08DE41F25335CB4009A5915 /* network_invalid_json_type_mismatch.json in Resources */,
				F08DE41B25335CB4009A5915 /* network_invalid_json_data_corrupted.json in Resources */,
			);
			runOnlyForDeploymentPostprocessing = 0;
		};
/* End PBXResourcesBuildPhase section */

/* Begin PBXSourcesBuildPhase section */
		F01136AE2531DFFB00875A9E /* Sources */ = {
			isa = PBXSourcesBuildPhase;
			buildActionMask = 2147483647;
			files = (
				F01136BA2531DFFB00875A9E /* HomeViewController.swift in Sources */,
				F08DE4362533A54A009A5915 /* APIProtocol.swift in Sources */,
				F08DE3F625335191009A5915 /* ServiceTargetProtocol.swift in Sources */,
				F064D2442531E9D6005329EA /* HomeCoordinator.swift in Sources */,
				F08DE3EC253350B1009A5915 /* ServiceProvider.swift in Sources */,
				F04FB504253229E000B961B3 /* HomeViewModelDelegate.swift in Sources */,
				F064D2862532151D005329EA /* HomeViewDelegate.swift in Sources */,
				F064D2712531F620005329EA /* HomeViewModel.swift in Sources */,
				F064D24B2531EA01005329EA /* Coordinator.swift in Sources */,
				F04FB50F25322A1B00B961B3 /* HomeViewModelProtocol.swift in Sources */,
				F01136B62531DFFB00875A9E /* AppDelegate.swift in Sources */,
				F064D27525320E64005329EA /* HomeView.swift in Sources */,
				F01136B82531DFFB00875A9E /* SceneDelegate.swift in Sources */,
				F064D281253212E6005329EA /* UIView+Utils.swift in Sources */,
				F08DE3F2253350DB009A5915 /* URLSessionProtocol.swift in Sources */,
				F08DE41225335C33009A5915 /* API.swift in Sources */,
				F08DE3FC253351BC009A5915 /* HTTPMethod.swift in Sources */,
				F064D28C25321716005329EA /* HomeStrings.swift in Sources */,
				F064D2642531F2EA005329EA /* NavigationControllerProtocol.swift in Sources */,
				F08DE3F1253350DB009A5915 /* URLSessionDataTaskProtocol.swift in Sources */,
				F08DE400253351D1009A5915 /* NetworkError.swift in Sources */,
			);
			runOnlyForDeploymentPostprocessing = 0;
		};
		F01136C42531DFFE00875A9E /* Sources */ = {
			isa = PBXSourcesBuildPhase;
			buildActionMask = 2147483647;
			files = (
				F04FB51425322A4D00B961B3 /* HomeViewModelTests.swift in Sources */,
				F064D2692531F341005329EA /* NavigationControllerSpy.swift in Sources */,
				F04FB52125322DD600B961B3 /* HomeViewModelDelegateMock.swift in Sources */,
				F04FB52625322E0200B961B3 /* TestHelper.swift in Sources */,
				F08DE4082533553D009A5915 /* ServiceProviderTest.swift in Sources */,
				F04FB51B25322DBC00B961B3 /* HomeViewDelegateMock.swift in Sources */,
				F08DE43225339E8F009A5915 /* URLSessionMock.swift in Sources */,
				F04FB4F8253220C900B961B3 /* HomeViewTest.swift in Sources */,
				F064D2582531EE4F005329EA /* HomeCoordinatorTest.swift in Sources */,
				F04FB4FE2532267300B961B3 /* HomeViewControllerTests.swift in Sources */,
				F08DE42C25339E70009A5915 /* URLSessionDataTaskMock.swift in Sources */,
			);
			runOnlyForDeploymentPostprocessing = 0;
		};
/* End PBXSourcesBuildPhase section */

/* Begin PBXTargetDependency section */
		F01136CA2531DFFE00875A9E /* PBXTargetDependency */ = {
			isa = PBXTargetDependency;
			target = F01136B12531DFFB00875A9E /* ListPublicGists */;
			targetProxy = F01136C92531DFFE00875A9E /* PBXContainerItemProxy */;
		};
/* End PBXTargetDependency section */

/* Begin PBXVariantGroup section */
		F01136C02531DFFD00875A9E /* LaunchScreen.storyboard */ = {
			isa = PBXVariantGroup;
			children = (
				F01136C12531DFFD00875A9E /* Base */,
			);
			name = LaunchScreen.storyboard;
			sourceTree = "<group>";
		};
/* End PBXVariantGroup section */

/* Begin XCBuildConfiguration section */
		F01136DA2531DFFE00875A9E /* Debug */ = {
			isa = XCBuildConfiguration;
			buildSettings = {
				ALWAYS_SEARCH_USER_PATHS = NO;
				CLANG_ANALYZER_NONNULL = YES;
				CLANG_ANALYZER_NUMBER_OBJECT_CONVERSION = YES_AGGRESSIVE;
				CLANG_CXX_LANGUAGE_STANDARD = "gnu++14";
				CLANG_CXX_LIBRARY = "libc++";
				CLANG_ENABLE_MODULES = YES;
				CLANG_ENABLE_OBJC_ARC = YES;
				CLANG_ENABLE_OBJC_WEAK = YES;
				CLANG_WARN_BLOCK_CAPTURE_AUTORELEASING = YES;
				CLANG_WARN_BOOL_CONVERSION = YES;
				CLANG_WARN_COMMA = YES;
				CLANG_WARN_CONSTANT_CONVERSION = YES;
				CLANG_WARN_DEPRECATED_OBJC_IMPLEMENTATIONS = YES;
				CLANG_WARN_DIRECT_OBJC_ISA_USAGE = YES_ERROR;
				CLANG_WARN_DOCUMENTATION_COMMENTS = YES;
				CLANG_WARN_EMPTY_BODY = YES;
				CLANG_WARN_ENUM_CONVERSION = YES;
				CLANG_WARN_INFINITE_RECURSION = YES;
				CLANG_WARN_INT_CONVERSION = YES;
				CLANG_WARN_NON_LITERAL_NULL_CONVERSION = YES;
				CLANG_WARN_OBJC_IMPLICIT_RETAIN_SELF = YES;
				CLANG_WARN_OBJC_LITERAL_CONVERSION = YES;
				CLANG_WARN_OBJC_ROOT_CLASS = YES_ERROR;
				CLANG_WARN_QUOTED_INCLUDE_IN_FRAMEWORK_HEADER = YES;
				CLANG_WARN_RANGE_LOOP_ANALYSIS = YES;
				CLANG_WARN_STRICT_PROTOTYPES = YES;
				CLANG_WARN_SUSPICIOUS_MOVE = YES;
				CLANG_WARN_UNGUARDED_AVAILABILITY = YES_AGGRESSIVE;
				CLANG_WARN_UNREACHABLE_CODE = YES;
				CLANG_WARN__DUPLICATE_METHOD_MATCH = YES;
				COPY_PHASE_STRIP = NO;
				DEBUG_INFORMATION_FORMAT = dwarf;
				ENABLE_STRICT_OBJC_MSGSEND = YES;
				ENABLE_TESTABILITY = YES;
				GCC_C_LANGUAGE_STANDARD = gnu11;
				GCC_DYNAMIC_NO_PIC = NO;
				GCC_NO_COMMON_BLOCKS = YES;
				GCC_OPTIMIZATION_LEVEL = 0;
				GCC_PREPROCESSOR_DEFINITIONS = (
					"DEBUG=1",
					"$(inherited)",
				);
				GCC_WARN_64_TO_32_BIT_CONVERSION = YES;
				GCC_WARN_ABOUT_RETURN_TYPE = YES_ERROR;
				GCC_WARN_UNDECLARED_SELECTOR = YES;
				GCC_WARN_UNINITIALIZED_AUTOS = YES_AGGRESSIVE;
				GCC_WARN_UNUSED_FUNCTION = YES;
				GCC_WARN_UNUSED_VARIABLE = YES;
				IPHONEOS_DEPLOYMENT_TARGET = 14.0;
				MTL_ENABLE_DEBUG_INFO = INCLUDE_SOURCE;
				MTL_FAST_MATH = YES;
				ONLY_ACTIVE_ARCH = YES;
				SDKROOT = iphoneos;
				SWIFT_ACTIVE_COMPILATION_CONDITIONS = DEBUG;
				SWIFT_OPTIMIZATION_LEVEL = "-Onone";
			};
			name = Debug;
		};
		F01136DB2531DFFE00875A9E /* Release */ = {
			isa = XCBuildConfiguration;
			buildSettings = {
				ALWAYS_SEARCH_USER_PATHS = NO;
				CLANG_ANALYZER_NONNULL = YES;
				CLANG_ANALYZER_NUMBER_OBJECT_CONVERSION = YES_AGGRESSIVE;
				CLANG_CXX_LANGUAGE_STANDARD = "gnu++14";
				CLANG_CXX_LIBRARY = "libc++";
				CLANG_ENABLE_MODULES = YES;
				CLANG_ENABLE_OBJC_ARC = YES;
				CLANG_ENABLE_OBJC_WEAK = YES;
				CLANG_WARN_BLOCK_CAPTURE_AUTORELEASING = YES;
				CLANG_WARN_BOOL_CONVERSION = YES;
				CLANG_WARN_COMMA = YES;
				CLANG_WARN_CONSTANT_CONVERSION = YES;
				CLANG_WARN_DEPRECATED_OBJC_IMPLEMENTATIONS = YES;
				CLANG_WARN_DIRECT_OBJC_ISA_USAGE = YES_ERROR;
				CLANG_WARN_DOCUMENTATION_COMMENTS = YES;
				CLANG_WARN_EMPTY_BODY = YES;
				CLANG_WARN_ENUM_CONVERSION = YES;
				CLANG_WARN_INFINITE_RECURSION = YES;
				CLANG_WARN_INT_CONVERSION = YES;
				CLANG_WARN_NON_LITERAL_NULL_CONVERSION = YES;
				CLANG_WARN_OBJC_IMPLICIT_RETAIN_SELF = YES;
				CLANG_WARN_OBJC_LITERAL_CONVERSION = YES;
				CLANG_WARN_OBJC_ROOT_CLASS = YES_ERROR;
				CLANG_WARN_QUOTED_INCLUDE_IN_FRAMEWORK_HEADER = YES;
				CLANG_WARN_RANGE_LOOP_ANALYSIS = YES;
				CLANG_WARN_STRICT_PROTOTYPES = YES;
				CLANG_WARN_SUSPICIOUS_MOVE = YES;
				CLANG_WARN_UNGUARDED_AVAILABILITY = YES_AGGRESSIVE;
				CLANG_WARN_UNREACHABLE_CODE = YES;
				CLANG_WARN__DUPLICATE_METHOD_MATCH = YES;
				COPY_PHASE_STRIP = NO;
				DEBUG_INFORMATION_FORMAT = "dwarf-with-dsym";
				ENABLE_NS_ASSERTIONS = NO;
				ENABLE_STRICT_OBJC_MSGSEND = YES;
				GCC_C_LANGUAGE_STANDARD = gnu11;
				GCC_NO_COMMON_BLOCKS = YES;
				GCC_WARN_64_TO_32_BIT_CONVERSION = YES;
				GCC_WARN_ABOUT_RETURN_TYPE = YES_ERROR;
				GCC_WARN_UNDECLARED_SELECTOR = YES;
				GCC_WARN_UNINITIALIZED_AUTOS = YES_AGGRESSIVE;
				GCC_WARN_UNUSED_FUNCTION = YES;
				GCC_WARN_UNUSED_VARIABLE = YES;
				IPHONEOS_DEPLOYMENT_TARGET = 14.0;
				MTL_ENABLE_DEBUG_INFO = NO;
				MTL_FAST_MATH = YES;
				SDKROOT = iphoneos;
				SWIFT_COMPILATION_MODE = wholemodule;
				SWIFT_OPTIMIZATION_LEVEL = "-O";
				VALIDATE_PRODUCT = YES;
			};
			name = Release;
		};
		F01136DD2531DFFE00875A9E /* Debug */ = {
			isa = XCBuildConfiguration;
			buildSettings = {
				ASSETCATALOG_COMPILER_APPICON_NAME = AppIcon;
				ASSETCATALOG_COMPILER_GLOBAL_ACCENT_COLOR_NAME = AccentColor;
				CODE_SIGN_STYLE = Automatic;
				INFOPLIST_FILE = "ListPublicGists/Suport Files/Info.plist";
				LD_RUNPATH_SEARCH_PATHS = (
					"$(inherited)",
					"@executable_path/Frameworks",
				);
				PRODUCT_BUNDLE_IDENTIFIER = com.leonirdeolindo.ListPublicGists;
				PRODUCT_NAME = "$(TARGET_NAME)";
				SWIFT_VERSION = 5.0;
				TARGETED_DEVICE_FAMILY = "1,2";
			};
			name = Debug;
		};
		F01136DE2531DFFE00875A9E /* Release */ = {
			isa = XCBuildConfiguration;
			buildSettings = {
				ASSETCATALOG_COMPILER_APPICON_NAME = AppIcon;
				ASSETCATALOG_COMPILER_GLOBAL_ACCENT_COLOR_NAME = AccentColor;
				CODE_SIGN_STYLE = Automatic;
				INFOPLIST_FILE = "ListPublicGists/Suport Files/Info.plist";
				LD_RUNPATH_SEARCH_PATHS = (
					"$(inherited)",
					"@executable_path/Frameworks",
				);
				PRODUCT_BUNDLE_IDENTIFIER = com.leonirdeolindo.ListPublicGists;
				PRODUCT_NAME = "$(TARGET_NAME)";
				SWIFT_VERSION = 5.0;
				TARGETED_DEVICE_FAMILY = "1,2";
			};
			name = Release;
		};
		F01136E02531DFFE00875A9E /* Debug */ = {
			isa = XCBuildConfiguration;
			buildSettings = {
				ALWAYS_EMBED_SWIFT_STANDARD_LIBRARIES = YES;
				BUNDLE_LOADER = "$(TEST_HOST)";
				CLANG_ENABLE_MODULES = YES;
				CODE_SIGN_STYLE = Automatic;
				INFOPLIST_FILE = ListPublicGistsTests/Info.plist;
				IPHONEOS_DEPLOYMENT_TARGET = 14.0;
				LD_RUNPATH_SEARCH_PATHS = (
					"$(inherited)",
					"@executable_path/Frameworks",
					"@loader_path/Frameworks",
				);
				PRODUCT_BUNDLE_IDENTIFIER = com.leonirdeolindo.ListPublicGistsTests;
				PRODUCT_NAME = "$(TARGET_NAME)";
				SWIFT_OPTIMIZATION_LEVEL = "-Onone";
				SWIFT_VERSION = 5.0;
				TARGETED_DEVICE_FAMILY = "1,2";
				TEST_HOST = "$(BUILT_PRODUCTS_DIR)/ListPublicGists.app/ListPublicGists";
			};
			name = Debug;
		};
		F01136E12531DFFE00875A9E /* Release */ = {
			isa = XCBuildConfiguration;
			buildSettings = {
				ALWAYS_EMBED_SWIFT_STANDARD_LIBRARIES = YES;
				BUNDLE_LOADER = "$(TEST_HOST)";
				CLANG_ENABLE_MODULES = YES;
				CODE_SIGN_STYLE = Automatic;
				INFOPLIST_FILE = ListPublicGistsTests/Info.plist;
				IPHONEOS_DEPLOYMENT_TARGET = 14.0;
				LD_RUNPATH_SEARCH_PATHS = (
					"$(inherited)",
					"@executable_path/Frameworks",
					"@loader_path/Frameworks",
				);
				PRODUCT_BUNDLE_IDENTIFIER = com.leonirdeolindo.ListPublicGistsTests;
				PRODUCT_NAME = "$(TARGET_NAME)";
				SWIFT_VERSION = 5.0;
				TARGETED_DEVICE_FAMILY = "1,2";
				TEST_HOST = "$(BUILT_PRODUCTS_DIR)/ListPublicGists.app/ListPublicGists";
			};
			name = Release;
		};
/* End XCBuildConfiguration section */

/* Begin XCConfigurationList section */
		F01136AD2531DFFB00875A9E /* Build configuration list for PBXProject "ListPublicGists" */ = {
			isa = XCConfigurationList;
			buildConfigurations = (
				F01136DA2531DFFE00875A9E /* Debug */,
				F01136DB2531DFFE00875A9E /* Release */,
			);
			defaultConfigurationIsVisible = 0;
			defaultConfigurationName = Release;
		};
		F01136DC2531DFFE00875A9E /* Build configuration list for PBXNativeTarget "ListPublicGists" */ = {
			isa = XCConfigurationList;
			buildConfigurations = (
				F01136DD2531DFFE00875A9E /* Debug */,
				F01136DE2531DFFE00875A9E /* Release */,
			);
			defaultConfigurationIsVisible = 0;
			defaultConfigurationName = Release;
		};
		F01136DF2531DFFE00875A9E /* Build configuration list for PBXNativeTarget "ListPublicGistsTests" */ = {
			isa = XCConfigurationList;
			buildConfigurations = (
				F01136E02531DFFE00875A9E /* Debug */,
				F01136E12531DFFE00875A9E /* Release */,
			);
			defaultConfigurationIsVisible = 0;
			defaultConfigurationName = Release;
		};
/* End XCConfigurationList section */
	};
	rootObject = F01136AA2531DFFB00875A9E /* Project object */;
}
