// !$*UTF8*$!
{
	archiveVersion = 1;
	classes = {
	};
	objectVersion = 50;
	objects = {

/* Begin PBXBuildFile section */
		F01136B62531DFFB00875A9E /* AppDelegate.swift in Sources */ = {isa = PBXBuildFile; fileRef = F01136B52531DFFB00875A9E /* AppDelegate.swift */; };
		F01136B82531DFFB00875A9E /* SceneDelegate.swift in Sources */ = {isa = PBXBuildFile; fileRef = F01136B72531DFFB00875A9E /* SceneDelegate.swift */; };
		F01136BA2531DFFB00875A9E /* HomeViewController.swift in Sources */ = {isa = PBXBuildFile; fileRef = F01136B92531DFFB00875A9E /* HomeViewController.swift */; };
		F01136BF2531DFFD00875A9E /* Assets.xcassets in Resources */ = {isa = PBXBuildFile; fileRef = F01136BE2531DFFD00875A9E /* Assets.xcassets */; };
		F01136C22531DFFD00875A9E /* LaunchScreen.storyboard in Resources */ = {isa = PBXBuildFile; fileRef = F01136C02531DFFD00875A9E /* LaunchScreen.storyboard */; };
		F01136CD2531DFFE00875A9E /* ListPublicGistsTests.swift in Sources */ = {isa = PBXBuildFile; fileRef = F01136CC2531DFFE00875A9E /* ListPublicGistsTests.swift */; };
		F01136D82531DFFE00875A9E /* ListPublicGistsUITests.swift in Sources */ = {isa = PBXBuildFile; fileRef = F01136D72531DFFE00875A9E /* ListPublicGistsUITests.swift */; };
		F064D2442531E9D6005329EA /* HomeCoordinator.swift in Sources */ = {isa = PBXBuildFile; fileRef = F064D2432531E9D6005329EA /* HomeCoordinator.swift */; };
		F064D24B2531EA01005329EA /* Coordinator.swift in Sources */ = {isa = PBXBuildFile; fileRef = F064D24A2531EA01005329EA /* Coordinator.swift */; };
/* End PBXBuildFile section */

/* Begin PBXContainerItemProxy section */
		F01136C92531DFFE00875A9E /* PBXContainerItemProxy */ = {
			isa = PBXContainerItemProxy;
			containerPortal = F01136AA2531DFFB00875A9E /* Project object */;
			proxyType = 1;
			remoteGlobalIDString = F01136B12531DFFB00875A9E;
			remoteInfo = ListPublicGists;
		};
		F01136D42531DFFE00875A9E /* PBXContainerItemProxy */ = {
			isa = PBXContainerItemProxy;
			containerPortal = F01136AA2531DFFB00875A9E /* Project object */;
			proxyType = 1;
			remoteGlobalIDString = F01136B12531DFFB00875A9E;
			remoteInfo = ListPublicGists;
		};
/* End PBXContainerItemProxy section */

/* Begin PBXFileReference section */
		F01136B22531DFFB00875A9E /* ListPublicGists.app */ = {isa = PBXFileReference; explicitFileType = wrapper.application; includeInIndex = 0; path = ListPublicGists.app; sourceTree = BUILT_PRODUCTS_DIR; };
		F01136B52531DFFB00875A9E /* AppDelegate.swift */ = {isa = PBXFileReference; lastKnownFileType = sourcecode.swift; path = AppDelegate.swift; sourceTree = "<group>"; };
		F01136B72531DFFB00875A9E /* SceneDelegate.swift */ = {isa = PBXFileReference; lastKnownFileType = sourcecode.swift; path = SceneDelegate.swift; sourceTree = "<group>"; };
		F01136B92531DFFB00875A9E /* HomeViewController.swift */ = {isa = PBXFileReference; lastKnownFileType = sourcecode.swift; path = HomeViewController.swift; sourceTree = "<group>"; };
		F01136BE2531DFFD00875A9E /* Assets.xcassets */ = {isa = PBXFileReference; lastKnownFileType = folder.assetcatalog; path = Assets.xcassets; sourceTree = "<group>"; };
		F01136C12531DFFD00875A9E /* Base */ = {isa = PBXFileReference; lastKnownFileType = file.storyboard; name = Base; path = Base.lproj/LaunchScreen.storyboard; sourceTree = "<group>"; };
		F01136C32531DFFD00875A9E /* Info.plist */ = {isa = PBXFileReference; lastKnownFileType = text.plist.xml; path = Info.plist; sourceTree = "<group>"; };
		F01136C82531DFFE00875A9E /* ListPublicGistsTests.xctest */ = {isa = PBXFileReference; explicitFileType = wrapper.cfbundle; includeInIndex = 0; path = ListPublicGistsTests.xctest; sourceTree = BUILT_PRODUCTS_DIR; };
		F01136CC2531DFFE00875A9E /* ListPublicGistsTests.swift */ = {isa = PBXFileReference; lastKnownFileType = sourcecode.swift; path = ListPublicGistsTests.swift; sourceTree = "<group>"; };
		F01136CE2531DFFE00875A9E /* Info.plist */ = {isa = PBXFileReference; lastKnownFileType = text.plist.xml; path = Info.plist; sourceTree = "<group>"; };
		F01136D32531DFFE00875A9E /* ListPublicGistsUITests.xctest */ = {isa = PBXFileReference; explicitFileType = wrapper.cfbundle; includeInIndex = 0; path = ListPublicGistsUITests.xctest; sourceTree = BUILT_PRODUCTS_DIR; };
		F01136D72531DFFE00875A9E /* ListPublicGistsUITests.swift */ = {isa = PBXFileReference; lastKnownFileType = sourcecode.swift; path = ListPublicGistsUITests.swift; sourceTree = "<group>"; };
		F01136D92531DFFE00875A9E /* Info.plist */ = {isa = PBXFileReference; lastKnownFileType = text.plist.xml; path = Info.plist; sourceTree = "<group>"; };
		F064D2432531E9D6005329EA /* HomeCoordinator.swift */ = {isa = PBXFileReference; lastKnownFileType = sourcecode.swift; path = HomeCoordinator.swift; sourceTree = "<group>"; };
		F064D24A2531EA01005329EA /* Coordinator.swift */ = {isa = PBXFileReference; lastKnownFileType = sourcecode.swift; path = Coordinator.swift; sourceTree = "<group>"; };
/* End PBXFileReference section */

/* Begin PBXFrameworksBuildPhase section */
		F01136AF2531DFFB00875A9E /* Frameworks */ = {
			isa = PBXFrameworksBuildPhase;
			buildActionMask = 2147483647;
			files = (
			);
			runOnlyForDeploymentPostprocessing = 0;
		};
		F01136C52531DFFE00875A9E /* Frameworks */ = {
			isa = PBXFrameworksBuildPhase;
			buildActionMask = 2147483647;
			files = (
			);
			runOnlyForDeploymentPostprocessing = 0;
		};
		F01136D02531DFFE00875A9E /* Frameworks */ = {
			isa = PBXFrameworksBuildPhase;
			buildActionMask = 2147483647;
			files = (
			);
			runOnlyForDeploymentPostprocessing = 0;
		};
/* End PBXFrameworksBuildPhase section */

/* Begin PBXGroup section */
		F01136A92531DFFB00875A9E = {
			isa = PBXGroup;
			children = (
				F01136B42531DFFB00875A9E /* ListPublicGists */,
				F01136CB2531DFFE00875A9E /* ListPublicGistsTests */,
				F01136D62531DFFE00875A9E /* ListPublicGistsUITests */,
				F01136B32531DFFB00875A9E /* Products */,
			);
			sourceTree = "<group>";
		};
		F01136B32531DFFB00875A9E /* Products */ = {
			isa = PBXGroup;
			children = (
				F01136B22531DFFB00875A9E /* ListPublicGists.app */,
				F01136C82531DFFE00875A9E /* ListPublicGistsTests.xctest */,
				F01136D32531DFFE00875A9E /* ListPublicGistsUITests.xctest */,
			);
			name = Products;
			sourceTree = "<group>";
		};
		F01136B42531DFFB00875A9E /* ListPublicGists */ = {
			isa = PBXGroup;
			children = (
				F01136EC2531E49200875A9E /* Application */,
				F01136EB2531E48000875A9E /* Suport Files */,
				F01136BE2531DFFD00875A9E /* Assets.xcassets */,
			);
			path = ListPublicGists;
			sourceTree = "<group>";
		};
		F01136CB2531DFFE00875A9E /* ListPublicGistsTests */ = {
			isa = PBXGroup;
			children = (
				F01136CC2531DFFE00875A9E /* ListPublicGistsTests.swift */,
				F01136CE2531DFFE00875A9E /* Info.plist */,
			);
			path = ListPublicGistsTests;
			sourceTree = "<group>";
		};
		F01136D62531DFFE00875A9E /* ListPublicGistsUITests */ = {
			isa = PBXGroup;
			children = (
				F01136D72531DFFE00875A9E /* ListPublicGistsUITests.swift */,
				F01136D92531DFFE00875A9E /* Info.plist */,
			);
			path = ListPublicGistsUITests;
			sourceTree = "<group>";
		};
		F01136EB2531E48000875A9E /* Suport Files */ = {
			isa = PBXGroup;
			children = (
				F01136B52531DFFB00875A9E /* AppDelegate.swift */,
				F01136B72531DFFB00875A9E /* SceneDelegate.swift */,
				F01136C02531DFFD00875A9E /* LaunchScreen.storyboard */,
				F01136C32531DFFD00875A9E /* Info.plist */,
			);
			path = "Suport Files";
			sourceTree = "<group>";
		};
		F01136EC2531E49200875A9E /* Application */ = {
			isa = PBXGroup;
			children = (
				F064D2482531E9EE005329EA /* Protocols */,
				F064D2412531E9A3005329EA /* Home */,
			);
			path = Application;
			sourceTree = "<group>";
		};
		F064D2412531E9A3005329EA /* Home */ = {
			isa = PBXGroup;
			children = (
				F01136B92531DFFB00875A9E /* HomeViewController.swift */,
				F064D2432531E9D6005329EA /* HomeCoordinator.swift */,
			);
			path = Home;
			sourceTree = "<group>";
		};
		F064D2482531E9EE005329EA /* Protocols */ = {
			isa = PBXGroup;
			children = (
				F064D24A2531EA01005329EA /* Coordinator.swift */,
			);
			path = Protocols;
			sourceTree = "<group>";
		};
/* End PBXGroup section */

/* Begin PBXNativeTarget section */
		F01136B12531DFFB00875A9E /* ListPublicGists */ = {
			isa = PBXNativeTarget;
			buildConfigurationList = F01136DC2531DFFE00875A9E /* Build configuration list for PBXNativeTarget "ListPublicGists" */;
			buildPhases = (
				F01136AE2531DFFB00875A9E /* Sources */,
				F01136AF2531DFFB00875A9E /* Frameworks */,
				F01136B02531DFFB00875A9E /* Resources */,
			);
			buildRules = (
			);
			dependencies = (
			);
			name = ListPublicGists;
			productName = ListPublicGists;
			productReference = F01136B22531DFFB00875A9E /* ListPublicGists.app */;
			productType = "com.apple.product-type.application";
		};
		F01136C72531DFFE00875A9E /* ListPublicGistsTests */ = {
			isa = PBXNativeTarget;
			buildConfigurationList = F01136DF2531DFFE00875A9E /* Build configuration list for PBXNativeTarget "ListPublicGistsTests" */;
			buildPhases = (
				F01136C42531DFFE00875A9E /* Sources */,
				F01136C52531DFFE00875A9E /* Frameworks */,
				F01136C62531DFFE00875A9E /* Resources */,
			);
			buildRules = (
			);
			dependencies = (
				F01136CA2531DFFE00875A9E /* PBXTargetDependency */,
			);
			name = ListPublicGistsTests;
			productName = ListPublicGistsTests;
			productReference = F01136C82531DFFE00875A9E /* ListPublicGistsTests.xctest */;
			productType = "com.apple.product-type.bundle.unit-test";
		};
		F01136D22531DFFE00875A9E /* ListPublicGistsUITests */ = {
			isa = PBXNativeTarget;
			buildConfigurationList = F01136E22531DFFE00875A9E /* Build configuration list for PBXNativeTarget "ListPublicGistsUITests" */;
			buildPhases = (
				F01136CF2531DFFE00875A9E /* Sources */,
				F01136D02531DFFE00875A9E /* Frameworks */,
				F01136D12531DFFE00875A9E /* Resources */,
			);
			buildRules = (
			);
			dependencies = (
				F01136D52531DFFE00875A9E /* PBXTargetDependency */,
			);
			name = ListPublicGistsUITests;
			productName = ListPublicGistsUITests;
			productReference = F01136D32531DFFE00875A9E /* ListPublicGistsUITests.xctest */;
			productType = "com.apple.product-type.bundle.ui-testing";
		};
/* End PBXNativeTarget section */

/* Begin PBXProject section */
		F01136AA2531DFFB00875A9E /* Project object */ = {
			isa = PBXProject;
			attributes = {
				LastSwiftUpdateCheck = 1200;
				LastUpgradeCheck = 1200;
				TargetAttributes = {
					F01136B12531DFFB00875A9E = {
						CreatedOnToolsVersion = 12.0;
					};
					F01136C72531DFFE00875A9E = {
						CreatedOnToolsVersion = 12.0;
						TestTargetID = F01136B12531DFFB00875A9E;
					};
					F01136D22531DFFE00875A9E = {
						CreatedOnToolsVersion = 12.0;
						TestTargetID = F01136B12531DFFB00875A9E;
					};
				};
			};
			buildConfigurationList = F01136AD2531DFFB00875A9E /* Build configuration list for PBXProject "ListPublicGists" */;
			compatibilityVersion = "Xcode 9.3";
			developmentRegion = en;
			hasScannedForEncodings = 0;
			knownRegions = (
				en,
				Base,
			);
			mainGroup = F01136A92531DFFB00875A9E;
			productRefGroup = F01136B32531DFFB00875A9E /* Products */;
			projectDirPath = "";
			projectRoot = "";
			targets = (
				F01136B12531DFFB00875A9E /* ListPublicGists */,
				F01136C72531DFFE00875A9E /* ListPublicGistsTests */,
				F01136D22531DFFE00875A9E /* ListPublicGistsUITests */,
			);
		};
/* End PBXProject section */

/* Begin PBXResourcesBuildPhase section */
		F01136B02531DFFB00875A9E /* Resources */ = {
			isa = PBXResourcesBuildPhase;
			buildActionMask = 2147483647;
			files = (
				F01136C22531DFFD00875A9E /* LaunchScreen.storyboard in Resources */,
				F01136BF2531DFFD00875A9E /* Assets.xcassets in Resources */,
			);
			runOnlyForDeploymentPostprocessing = 0;
		};
		F01136C62531DFFE00875A9E /* Resources */ = {
			isa = PBXResourcesBuildPhase;
			buildActionMask = 2147483647;
			files = (
			);
			runOnlyForDeploymentPostprocessing = 0;
		};
		F01136D12531DFFE00875A9E /* Resources */ = {
			isa = PBXResourcesBuildPhase;
			buildActionMask = 2147483647;
			files = (
			);
			runOnlyForDeploymentPostprocessing = 0;
		};
/* End PBXResourcesBuildPhase section */

/* Begin PBXSourcesBuildPhase section */
		F01136AE2531DFFB00875A9E /* Sources */ = {
			isa = PBXSourcesBuildPhase;
			buildActionMask = 2147483647;
			files = (
				F01136BA2531DFFB00875A9E /* HomeViewController.swift in Sources */,
				F064D2442531E9D6005329EA /* HomeCoordinator.swift in Sources */,
				F064D24B2531EA01005329EA /* Coordinator.swift in Sources */,
				F01136B62531DFFB00875A9E /* AppDelegate.swift in Sources */,
				F01136B82531DFFB00875A9E /* SceneDelegate.swift in Sources */,
			);
			runOnlyForDeploymentPostprocessing = 0;
		};
		F01136C42531DFFE00875A9E /* Sources */ = {
			isa = PBXSourcesBuildPhase;
			buildActionMask = 2147483647;
			files = (
				F01136CD2531DFFE00875A9E /* ListPublicGistsTests.swift in Sources */,
			);
			runOnlyForDeploymentPostprocessing = 0;
		};
		F01136CF2531DFFE00875A9E /* Sources */ = {
			isa = PBXSourcesBuildPhase;
			buildActionMask = 2147483647;
			files = (
				F01136D82531DFFE00875A9E /* ListPublicGistsUITests.swift in Sources */,
			);
			runOnlyForDeploymentPostprocessing = 0;
		};
/* End PBXSourcesBuildPhase section */

/* Begin PBXTargetDependency section */
		F01136CA2531DFFE00875A9E /* PBXTargetDependency */ = {
			isa = PBXTargetDependency;
			target = F01136B12531DFFB00875A9E /* ListPublicGists */;
			targetProxy = F01136C92531DFFE00875A9E /* PBXContainerItemProxy */;
		};
		F01136D52531DFFE00875A9E /* PBXTargetDependency */ = {
			isa = PBXTargetDependency;
			target = F01136B12531DFFB00875A9E /* ListPublicGists */;
			targetProxy = F01136D42531DFFE00875A9E /* PBXContainerItemProxy */;
		};
/* End PBXTargetDependency section */

/* Begin PBXVariantGroup section */
		F01136C02531DFFD00875A9E /* LaunchScreen.storyboard */ = {
			isa = PBXVariantGroup;
			children = (
				F01136C12531DFFD00875A9E /* Base */,
			);
			name = LaunchScreen.storyboard;
			sourceTree = "<group>";
		};
/* End PBXVariantGroup section */

/* Begin XCBuildConfiguration section */
		F01136DA2531DFFE00875A9E /* Debug */ = {
			isa = XCBuildConfiguration;
			buildSettings = {
				ALWAYS_SEARCH_USER_PATHS = NO;
				CLANG_ANALYZER_NONNULL = YES;
				CLANG_ANALYZER_NUMBER_OBJECT_CONVERSION = YES_AGGRESSIVE;
				CLANG_CXX_LANGUAGE_STANDARD = "gnu++14";
				CLANG_CXX_LIBRARY = "libc++";
				CLANG_ENABLE_MODULES = YES;
				CLANG_ENABLE_OBJC_ARC = YES;
				CLANG_ENABLE_OBJC_WEAK = YES;
				CLANG_WARN_BLOCK_CAPTURE_AUTORELEASING = YES;
				CLANG_WARN_BOOL_CONVERSION = YES;
				CLANG_WARN_COMMA = YES;
				CLANG_WARN_CONSTANT_CONVERSION = YES;
				CLANG_WARN_DEPRECATED_OBJC_IMPLEMENTATIONS = YES;
				CLANG_WARN_DIRECT_OBJC_ISA_USAGE = YES_ERROR;
				CLANG_WARN_DOCUMENTATION_COMMENTS = YES;
				CLANG_WARN_EMPTY_BODY = YES;
				CLANG_WARN_ENUM_CONVERSION = YES;
				CLANG_WARN_INFINITE_RECURSION = YES;
				CLANG_WARN_INT_CONVERSION = YES;
				CLANG_WARN_NON_LITERAL_NULL_CONVERSION = YES;
				CLANG_WARN_OBJC_IMPLICIT_RETAIN_SELF = YES;
				CLANG_WARN_OBJC_LITERAL_CONVERSION = YES;
				CLANG_WARN_OBJC_ROOT_CLASS = YES_ERROR;
				CLANG_WARN_QUOTED_INCLUDE_IN_FRAMEWORK_HEADER = YES;
				CLANG_WARN_RANGE_LOOP_ANALYSIS = YES;
				CLANG_WARN_STRICT_PROTOTYPES = YES;
				CLANG_WARN_SUSPICIOUS_MOVE = YES;
				CLANG_WARN_UNGUARDED_AVAILABILITY = YES_AGGRESSIVE;
				CLANG_WARN_UNREACHABLE_CODE = YES;
				CLANG_WARN__DUPLICATE_METHOD_MATCH = YES;
				COPY_PHASE_STRIP = NO;
				DEBUG_INFORMATION_FORMAT = dwarf;
				ENABLE_STRICT_OBJC_MSGSEND = YES;
				ENABLE_TESTABILITY = YES;
				GCC_C_LANGUAGE_STANDARD = gnu11;
				GCC_DYNAMIC_NO_PIC = NO;
				GCC_NO_COMMON_BLOCKS = YES;
				GCC_OPTIMIZATION_LEVEL = 0;
				GCC_PREPROCESSOR_DEFINITIONS = (
					"DEBUG=1",
					"$(inherited)",
				);
				GCC_WARN_64_TO_32_BIT_CONVERSION = YES;
				GCC_WARN_ABOUT_RETURN_TYPE = YES_ERROR;
				GCC_WARN_UNDECLARED_SELECTOR = YES;
				GCC_WARN_UNINITIALIZED_AUTOS = YES_AGGRESSIVE;
				GCC_WARN_UNUSED_FUNCTION = YES;
				GCC_WARN_UNUSED_VARIABLE = YES;
				IPHONEOS_DEPLOYMENT_TARGET = 14.0;
				MTL_ENABLE_DEBUG_INFO = INCLUDE_SOURCE;
				MTL_FAST_MATH = YES;
				ONLY_ACTIVE_ARCH = YES;
				SDKROOT = iphoneos;
				SWIFT_ACTIVE_COMPILATION_CONDITIONS = DEBUG;
				SWIFT_OPTIMIZATION_LEVEL = "-Onone";
			};
			name = Debug;
		};
		F01136DB2531DFFE00875A9E /* Release */ = {
			isa = XCBuildConfiguration;
			buildSettings = {
				ALWAYS_SEARCH_USER_PATHS = NO;
				CLANG_ANALYZER_NONNULL = YES;
				CLANG_ANALYZER_NUMBER_OBJECT_CONVERSION = YES_AGGRESSIVE;
				CLANG_CXX_LANGUAGE_STANDARD = "gnu++14";
				CLANG_CXX_LIBRARY = "libc++";
				CLANG_ENABLE_MODULES = YES;
				CLANG_ENABLE_OBJC_ARC = YES;
				CLANG_ENABLE_OBJC_WEAK = YES;
				CLANG_WARN_BLOCK_CAPTURE_AUTORELEASING = YES;
				CLANG_WARN_BOOL_CONVERSION = YES;
				CLANG_WARN_COMMA = YES;
				CLANG_WARN_CONSTANT_CONVERSION = YES;
				CLANG_WARN_DEPRECATED_OBJC_IMPLEMENTATIONS = YES;
				CLANG_WARN_DIRECT_OBJC_ISA_USAGE = YES_ERROR;
				CLANG_WARN_DOCUMENTATION_COMMENTS = YES;
				CLANG_WARN_EMPTY_BODY = YES;
				CLANG_WARN_ENUM_CONVERSION = YES;
				CLANG_WARN_INFINITE_RECURSION = YES;
				CLANG_WARN_INT_CONVERSION = YES;
				CLANG_WARN_NON_LITERAL_NULL_CONVERSION = YES;
				CLANG_WARN_OBJC_IMPLICIT_RETAIN_SELF = YES;
				CLANG_WARN_OBJC_LITERAL_CONVERSION = YES;
				CLANG_WARN_OBJC_ROOT_CLASS = YES_ERROR;
				CLANG_WARN_QUOTED_INCLUDE_IN_FRAMEWORK_HEADER = YES;
				CLANG_WARN_RANGE_LOOP_ANALYSIS = YES;
				CLANG_WARN_STRICT_PROTOTYPES = YES;
				CLANG_WARN_SUSPICIOUS_MOVE = YES;
				CLANG_WARN_UNGUARDED_AVAILABILITY = YES_AGGRESSIVE;
				CLANG_WARN_UNREACHABLE_CODE = YES;
				CLANG_WARN__DUPLICATE_METHOD_MATCH = YES;
				COPY_PHASE_STRIP = NO;
				DEBUG_INFORMATION_FORMAT = "dwarf-with-dsym";
				ENABLE_NS_ASSERTIONS = NO;
				ENABLE_STRICT_OBJC_MSGSEND = YES;
				GCC_C_LANGUAGE_STANDARD = gnu11;
				GCC_NO_COMMON_BLOCKS = YES;
				GCC_WARN_64_TO_32_BIT_CONVERSION = YES;
				GCC_WARN_ABOUT_RETURN_TYPE = YES_ERROR;
				GCC_WARN_UNDECLARED_SELECTOR = YES;
				GCC_WARN_UNINITIALIZED_AUTOS = YES_AGGRESSIVE;
				GCC_WARN_UNUSED_FUNCTION = YES;
				GCC_WARN_UNUSED_VARIABLE = YES;
				IPHONEOS_DEPLOYMENT_TARGET = 14.0;
				MTL_ENABLE_DEBUG_INFO = NO;
				MTL_FAST_MATH = YES;
				SDKROOT = iphoneos;
				SWIFT_COMPILATION_MODE = wholemodule;
				SWIFT_OPTIMIZATION_LEVEL = "-O";
				VALIDATE_PRODUCT = YES;
			};
			name = Release;
		};
		F01136DD2531DFFE00875A9E /* Debug */ = {
			isa = XCBuildConfiguration;
			buildSettings = {
				ASSETCATALOG_COMPILER_APPICON_NAME = AppIcon;
				ASSETCATALOG_COMPILER_GLOBAL_ACCENT_COLOR_NAME = AccentColor;
				CODE_SIGN_STYLE = Automatic;
				INFOPLIST_FILE = "ListPublicGists/Suport Files/Info.plist";
				LD_RUNPATH_SEARCH_PATHS = (
					"$(inherited)",
					"@executable_path/Frameworks",
				);
				PRODUCT_BUNDLE_IDENTIFIER = com.leonirdeolindo.ListPublicGists;
				PRODUCT_NAME = "$(TARGET_NAME)";
				SWIFT_VERSION = 5.0;
				TARGETED_DEVICE_FAMILY = "1,2";
			};
			name = Debug;
		};
		F01136DE2531DFFE00875A9E /* Release */ = {
			isa = XCBuildConfiguration;
			buildSettings = {
				ASSETCATALOG_COMPILER_APPICON_NAME = AppIcon;
				ASSETCATALOG_COMPILER_GLOBAL_ACCENT_COLOR_NAME = AccentColor;
				CODE_SIGN_STYLE = Automatic;
				INFOPLIST_FILE = "ListPublicGists/Suport Files/Info.plist";
				LD_RUNPATH_SEARCH_PATHS = (
					"$(inherited)",
					"@executable_path/Frameworks",
				);
				PRODUCT_BUNDLE_IDENTIFIER = com.leonirdeolindo.ListPublicGists;
				PRODUCT_NAME = "$(TARGET_NAME)";
				SWIFT_VERSION = 5.0;
				TARGETED_DEVICE_FAMILY = "1,2";
			};
			name = Release;
		};
		F01136E02531DFFE00875A9E /* Debug */ = {
			isa = XCBuildConfiguration;
			buildSettings = {
				ALWAYS_EMBED_SWIFT_STANDARD_LIBRARIES = YES;
				BUNDLE_LOADER = "$(TEST_HOST)";
				CODE_SIGN_STYLE = Automatic;
				INFOPLIST_FILE = ListPublicGistsTests/Info.plist;
				IPHONEOS_DEPLOYMENT_TARGET = 14.0;
				LD_RUNPATH_SEARCH_PATHS = (
					"$(inherited)",
					"@executable_path/Frameworks",
					"@loader_path/Frameworks",
				);
				PRODUCT_BUNDLE_IDENTIFIER = com.leonirdeolindo.ListPublicGistsTests;
				PRODUCT_NAME = "$(TARGET_NAME)";
				SWIFT_VERSION = 5.0;
				TARGETED_DEVICE_FAMILY = "1,2";
				TEST_HOST = "$(BUILT_PRODUCTS_DIR)/ListPublicGists.app/ListPublicGists";
			};
			name = Debug;
		};
		F01136E12531DFFE00875A9E /* Release */ = {
			isa = XCBuildConfiguration;
			buildSettings = {
				ALWAYS_EMBED_SWIFT_STANDARD_LIBRARIES = YES;
				BUNDLE_LOADER = "$(TEST_HOST)";
				CODE_SIGN_STYLE = Automatic;
				INFOPLIST_FILE = ListPublicGistsTests/Info.plist;
				IPHONEOS_DEPLOYMENT_TARGET = 14.0;
				LD_RUNPATH_SEARCH_PATHS = (
					"$(inherited)",
					"@executable_path/Frameworks",
					"@loader_path/Frameworks",
				);
				PRODUCT_BUNDLE_IDENTIFIER = com.leonirdeolindo.ListPublicGistsTests;
				PRODUCT_NAME = "$(TARGET_NAME)";
				SWIFT_VERSION = 5.0;
				TARGETED_DEVICE_FAMILY = "1,2";
				TEST_HOST = "$(BUILT_PRODUCTS_DIR)/ListPublicGists.app/ListPublicGists";
			};
			name = Release;
		};
		F01136E32531DFFE00875A9E /* Debug */ = {
			isa = XCBuildConfiguration;
			buildSettings = {
				ALWAYS_EMBED_SWIFT_STANDARD_LIBRARIES = YES;
				CODE_SIGN_STYLE = Automatic;
				INFOPLIST_FILE = ListPublicGistsUITests/Info.plist;
				LD_RUNPATH_SEARCH_PATHS = (
					"$(inherited)",
					"@executable_path/Frameworks",
					"@loader_path/Frameworks",
				);
				PRODUCT_BUNDLE_IDENTIFIER = com.leonirdeolindo.ListPublicGistsUITests;
				PRODUCT_NAME = "$(TARGET_NAME)";
				SWIFT_VERSION = 5.0;
				TARGETED_DEVICE_FAMILY = "1,2";
				TEST_TARGET_NAME = ListPublicGists;
			};
			name = Debug;
		};
		F01136E42531DFFE00875A9E /* Release */ = {
			isa = XCBuildConfiguration;
			buildSettings = {
				ALWAYS_EMBED_SWIFT_STANDARD_LIBRARIES = YES;
				CODE_SIGN_STYLE = Automatic;
				INFOPLIST_FILE = ListPublicGistsUITests/Info.plist;
				LD_RUNPATH_SEARCH_PATHS = (
					"$(inherited)",
					"@executable_path/Frameworks",
					"@loader_path/Frameworks",
				);
				PRODUCT_BUNDLE_IDENTIFIER = com.leonirdeolindo.ListPublicGistsUITests;
				PRODUCT_NAME = "$(TARGET_NAME)";
				SWIFT_VERSION = 5.0;
				TARGETED_DEVICE_FAMILY = "1,2";
				TEST_TARGET_NAME = ListPublicGists;
			};
			name = Release;
		};
/* End XCBuildConfiguration section */

/* Begin XCConfigurationList section */
		F01136AD2531DFFB00875A9E /* Build configuration list for PBXProject "ListPublicGists" */ = {
			isa = XCConfigurationList;
			buildConfigurations = (
				F01136DA2531DFFE00875A9E /* Debug */,
				F01136DB2531DFFE00875A9E /* Release */,
			);
			defaultConfigurationIsVisible = 0;
			defaultConfigurationName = Release;
		};
		F01136DC2531DFFE00875A9E /* Build configuration list for PBXNativeTarget "ListPublicGists" */ = {
			isa = XCConfigurationList;
			buildConfigurations = (
				F01136DD2531DFFE00875A9E /* Debug */,
				F01136DE2531DFFE00875A9E /* Release */,
			);
			defaultConfigurationIsVisible = 0;
			defaultConfigurationName = Release;
		};
		F01136DF2531DFFE00875A9E /* Build configuration list for PBXNativeTarget "ListPublicGistsTests" */ = {
			isa = XCConfigurationList;
			buildConfigurations = (
				F01136E02531DFFE00875A9E /* Debug */,
				F01136E12531DFFE00875A9E /* Release */,
			);
			defaultConfigurationIsVisible = 0;
			defaultConfigurationName = Release;
		};
		F01136E22531DFFE00875A9E /* Build configuration list for PBXNativeTarget "ListPublicGistsUITests" */ = {
			isa = XCConfigurationList;
			buildConfigurations = (
				F01136E32531DFFE00875A9E /* Debug */,
				F01136E42531DFFE00875A9E /* Release */,
			);
			defaultConfigurationIsVisible = 0;
			defaultConfigurationName = Release;
		};
/* End XCConfigurationList section */
	};
	rootObject = F01136AA2531DFFB00875A9E /* Project object */;
}
